lock_version = 2
manifest_checksum = "7934b532d9bcc477e6bdefabf87f69ed1524025e41d1ef96c10bdc7f937e5930"
target = "aarch64-apple-darwin"
generator = "1.1.9"

[root_dependencies]
"言台" = "yanxu-platform@1.0.0#d95caa6bf952-c0ebb9773aa5a4d9"
"言据" = "言据@1.1.2#9f376cc5bbdb-224c315783494338"

[root_dev_dependencies]

[[package]]
id = "yanxu-platform@1.0.0#d95caa6bf952-c0ebb9773aa5a4d9"
name = "yanxu-platform"
version = "1.0.0"
source = "git:https://github.com/yanxulang/yanxu-platform.git"
revision = "9b6bce794a2e23fba04340f762e3d8f49a2724ff"
checksum = "c0ebb9773aa5a4d9e889213ef085d9f75f5959f7cc5b63aa7c60f4e83f5df0ad"
entry = "src/主.yx"
target = "aarch64-apple-darwin"
minimum_yanxu = ">=1.1.7, <2.0.0"

[package.dependencies]

[package.exports]
"默认" = "src/主.yx"

[package.native]
abi = 2
target = "aarch64-apple-darwin"
path = "dist/aarch64-apple-darwin/libyanxu_platform_native.dylib"
checksum = "4ba2a55db0828178d67c555500844bc2e03856bef79aeddae96bf0d3bfec6fdb"
size = 6129760

[[package]]
id = "言据@1.1.2#9f376cc5bbdb-224c315783494338"
name = "言据"
version = "1.1.2"
source = "git:https://github.com/yanxulang/yanju.git"
revision = "765d9dd623db901a3e71aa4759dbcd77563cb3a9"
checksum = "224c31578349433870be11aa599edd1072b9651e0d659819f4ab9a971064a5c0"
entry = "src/言据.yx"
target = "aarch64-apple-darwin"
minimum_yanxu = ">=1.1.6"

[package.dependencies]

[package.exports]
"默认" = "src/言据.yx"
